
Microsoft Visual Studio Solution File, Format Version 12.00
# Visual Studio Version 16
VisualStudioVersion = 16.0.29123.88
MinimumVisualStudioVersion = 10.0.40219.1
Project("{FAE04EC0-301F-11D3-BF4B-00C04F79EFBC}") = "ISO19030", "ISO19030\ISO19030.csproj", "{62761DB0-1D18-4283-BF83-D124A3F8544D}"
EndProject
Global
	GlobalSection(SolutionConfigurationPlatforms) = preSolution
		Debug|Any CPU = Debug|Any CPU
		Release|Any CPU = Release|Any CPU
	EndGlobalSection
	GlobalSection(ProjectConfigurationPlatforms) = postSolution
		{62761DB0-1D18-4283-BF83-D124A3F8544D}.Debug|Any CPU.ActiveCfg = Debug|Any CPU
		{62761DB0-1D18-4283-BF83-D124A3F8544D}.Debug|Any CPU.Build.0 = Debug|Any CPU
		{62761DB0-1D18-4283-BF83-D124A3F8544D}.Release|Any CPU.ActiveCfg = Release|Any CPU
		{62761DB0-1D18-4283-BF83-D124A3F8544D}.Release|Any CPU.Build.0 = Release|Any CPU
	EndGlobalSection
	GlobalSection(SolutionProperties) = preSolution
		HideSolutionNode = FALSE
	EndGlobalSection
	GlobalSection(ExtensibilityGlobals) = postSolution
		SolutionGuid = {234A21FF-2195-4207-96E3-17792B84678C}
	EndGlobalSection
EndGlobal
